
Microsoft Visual Studio Solution File, Format Version 12.00
# Visual Studio Version 16
VisualStudioVersion = 16.0.30114.105
MinimumVisualStudioVersion = 10.0.40219.1
Project("{FAE04EC0-301F-11D3-BF4B-00C04F79EFBC}") = "API", "API\API.csproj", "{B5211420-82C9-4301-9981-3584FBF24595}"
EndProject
Project("{FAE04EC0-301F-11D3-BF4B-00C04F79EFBC}") = "Application", "Application\Application.csproj", "{A58FC54C-218E-41F3-8F5D-A330559AF955}"
EndProject
Project("{FAE04EC0-301F-11D3-BF4B-00C04F79EFBC}") = "Persistence", "Persistence\Persistence.csproj", "{DEDA8C5C-5455-4D86-A96C-80A0B2E01D78}"
EndProject
Project("{FAE04EC0-301F-11D3-BF4B-00C04F79EFBC}") = "Domain", "Domain\Domain.csproj", "{EBEB3309-498B-416F-9837-BF962E576376}"
EndProject
Project("{FAE04EC0-301F-11D3-BF4B-00C04F79EFBC}") = "Infrastructure", "Infrastructure\Infrastructure.csproj", "{2934FCB7-A66B-4EA8-9A62-9D4FD2FF616B}"
EndProject
Global
	GlobalSection(SolutionConfigurationPlatforms) = preSolution
		Debug|Any CPU = Debug|Any CPU
		Release|Any CPU = Release|Any CPU
	EndGlobalSection
	GlobalSection(SolutionProperties) = preSolution
		HideSolutionNode = FALSE
	EndGlobalSection
	GlobalSection(ProjectConfigurationPlatforms) = postSolution
		{B5211420-82C9-4301-9981-3584FBF24595}.Debug|Any CPU.ActiveCfg = Debug|Any CPU
		{B5211420-82C9-4301-9981-3584FBF24595}.Debug|Any CPU.Build.0 = Debug|Any CPU
		{B5211420-82C9-4301-9981-3584FBF24595}.Release|Any CPU.ActiveCfg = Release|Any CPU
		{B5211420-82C9-4301-9981-3584FBF24595}.Release|Any CPU.Build.0 = Release|Any CPU
		{A58FC54C-218E-41F3-8F5D-A330559AF955}.Debug|Any CPU.ActiveCfg = Debug|Any CPU
		{A58FC54C-218E-41F3-8F5D-A330559AF955}.Debug|Any CPU.Build.0 = Debug|Any CPU
		{A58FC54C-218E-41F3-8F5D-A330559AF955}.Release|Any CPU.ActiveCfg = Release|Any CPU
		{A58FC54C-218E-41F3-8F5D-A330559AF955}.Release|Any CPU.Build.0 = Release|Any CPU
		{DEDA8C5C-5455-4D86-A96C-80A0B2E01D78}.Debug|Any CPU.ActiveCfg = Debug|Any CPU
		{DEDA8C5C-5455-4D86-A96C-80A0B2E01D78}.Debug|Any CPU.Build.0 = Debug|Any CPU
		{DEDA8C5C-5455-4D86-A96C-80A0B2E01D78}.Release|Any CPU.ActiveCfg = Release|Any CPU
		{DEDA8C5C-5455-4D86-A96C-80A0B2E01D78}.Release|Any CPU.Build.0 = Release|Any CPU
		{EBEB3309-498B-416F-9837-BF962E576376}.Debug|Any CPU.ActiveCfg = Debug|Any CPU
		{EBEB3309-498B-416F-9837-BF962E576376}.Debug|Any CPU.Build.0 = Debug|Any CPU
		{EBEB3309-498B-416F-9837-BF962E576376}.Release|Any CPU.ActiveCfg = Release|Any CPU
		{EBEB3309-498B-416F-9837-BF962E576376}.Release|Any CPU.Build.0 = Release|Any CPU
		{2934FCB7-A66B-4EA8-9A62-9D4FD2FF616B}.Debug|Any CPU.ActiveCfg = Debug|Any CPU
		{2934FCB7-A66B-4EA8-9A62-9D4FD2FF616B}.Debug|Any CPU.Build.0 = Debug|Any CPU
		{2934FCB7-A66B-4EA8-9A62-9D4FD2FF616B}.Release|Any CPU.ActiveCfg = Release|Any CPU
		{2934FCB7-A66B-4EA8-9A62-9D4FD2FF616B}.Release|Any CPU.Build.0 = Release|Any CPU
	EndGlobalSection
EndGlobal
